
Microsoft Visual Studio Solution File, Format Version 12.00
# Visual Studio Version 16
VisualStudioVersion = 16.0.32228.343
MinimumVisualStudioVersion = 10.0.40219.1
Project("{FAE04EC0-301F-11D3-BF4B-00C04F79EFBC}") = "MyCars", "MyCars\MyCars.csproj", "{7235BA0F-51FB-43E7-9481-291E1179763D}"
EndProject
Global
	GlobalSection(SolutionConfigurationPlatforms) = preSolution
		Debug|Any CPU = Debug|Any CPU
		Release|Any CPU = Release|Any CPU
	EndGlobalSection
	GlobalSection(ProjectConfigurationPlatforms) = postSolution
		{7235BA0F-51FB-43E7-9481-291E1179763D}.Debug|Any CPU.ActiveCfg = Debug|Any CPU
		{7235BA0F-51FB-43E7-9481-291E1179763D}.Debug|Any CPU.Build.0 = Debug|Any CPU
		{7235BA0F-51FB-43E7-9481-291E1179763D}.Release|Any CPU.ActiveCfg = Release|Any CPU
		{7235BA0F-51FB-43E7-9481-291E1179763D}.Release|Any CPU.Build.0 = Release|Any CPU
	EndGlobalSection
	GlobalSection(SolutionProperties) = preSolution
		HideSolutionNode = FALSE
	EndGlobalSection
	GlobalSection(ExtensibilityGlobals) = postSolution
		SolutionGuid = {FB97B508-7507-4C2C-A448-E30109336263}
	EndGlobalSection
EndGlobal
